// !$*UTF8*$!
{
	archiveVersion = 1;
	classes = {
	};
	objectVersion = 50;
	objects = {

/* Begin PBXBuildFile section */
		1E55387E2242E3650041DD63 /* AppDelegate.swift in Sources */ = {isa = PBXBuildFile; fileRef = 1E55387D2242E3650041DD63 /* AppDelegate.swift */; };
		1E5538802242E3650041DD63 /* ViewController.swift in Sources */ = {isa = PBXBuildFile; fileRef = 1E55387F2242E3650041DD63 /* ViewController.swift */; };
		1E5538832242E3650041DD63 /* Main.storyboard in Resources */ = {isa = PBXBuildFile; fileRef = 1E5538812242E3650041DD63 /* Main.storyboard */; };
		1E5538852242E3670041DD63 /* Assets.xcassets in Resources */ = {isa = PBXBuildFile; fileRef = 1E5538842242E3670041DD63 /* Assets.xcassets */; };
		1E5538882242E3670041DD63 /* LaunchScreen.storyboard in Resources */ = {isa = PBXBuildFile; fileRef = 1E5538862242E3670041DD63 /* LaunchScreen.storyboard */; };
		B30C95DFD21FFAD523138535 /* Pods_SkinCancerApp2.framework in Frameworks */ = {isa = PBXBuildFile; fileRef = 2E38213859FBD5F5284B21D7 /* Pods_SkinCancerApp2.framework */; };
/* End PBXBuildFile section */

/* Begin PBXFileReference section */
		1E55387A2242E3650041DD63 /* SkinCancerApp2.app */ = {isa = PBXFileReference; explicitFileType = wrapper.application; includeInIndex = 0; path = SkinCancerApp2.app; sourceTree = BUILT_PRODUCTS_DIR; };
		1E55387D2242E3650041DD63 /* AppDelegate.swift */ = {isa = PBXFileReference; lastKnownFileType = sourcecode.swift; path = AppDelegate.swift; sourceTree = "<group>"; };
		1E55387F2242E3650041DD63 /* ViewController.swift */ = {isa = PBXFileReference; lastKnownFileType = sourcecode.swift; path = ViewController.swift; sourceTree = "<group>"; };
		1E5538822242E3650041DD63 /* Base */ = {isa = PBXFileReference; lastKnownFileType = file.storyboard; name = Base; path = Base.lproj/Main.storyboard; sourceTree = "<group>"; };
		1E5538842242E3670041DD63 /* Assets.xcassets */ = {isa = PBXFileReference; lastKnownFileType = folder.assetcatalog; path = Assets.xcassets; sourceTree = "<group>"; };
		1E5538872242E3670041DD63 /* Base */ = {isa = PBXFileReference; lastKnownFileType = file.storyboard; name = Base; path = Base.lproj/LaunchScreen.storyboard; sourceTree = "<group>"; };
		1E5538892242E3670041DD63 /* Info.plist */ = {isa = PBXFileReference; lastKnownFileType = text.plist.xml; path = Info.plist; sourceTree = "<group>"; };
		2E38213859FBD5F5284B21D7 /* Pods_SkinCancerApp2.framework */ = {isa = PBXFileReference; explicitFileType = wrapper.framework; includeInIndex = 0; path = Pods_SkinCancerApp2.framework; sourceTree = BUILT_PRODUCTS_DIR; };
		B928C190422E8E5DFFCB4A67 /* Pods-SkinCancerApp2.release.xcconfig */ = {isa = PBXFileReference; includeInIndex = 1; lastKnownFileType = text.xcconfig; name = "Pods-SkinCancerApp2.release.xcconfig"; path = "Target Support Files/Pods-SkinCancerApp2/Pods-SkinCancerApp2.release.xcconfig"; sourceTree = "<group>"; };
		DD70737639F4B57A7E9B844E /* Pods-SkinCancerApp2.debug.xcconfig */ = {isa = PBXFileReference; includeInIndex = 1; lastKnownFileType = text.xcconfig; name = "Pods-SkinCancerApp2.debug.xcconfig"; path = "Target Support Files/Pods-SkinCancerApp2/Pods-SkinCancerApp2.debug.xcconfig"; sourceTree = "<group>"; };
/* End PBXFileReference section */

/* Begin PBXFrameworksBuildPhase section */
		1E5538772242E3650041DD63 /* Frameworks */ = {
			isa = PBXFrameworksBuildPhase;
			buildActionMask = 2147483647;
			files = (
				B30C95DFD21FFAD523138535 /* Pods_SkinCancerApp2.framework in Frameworks */,
			);
			runOnlyForDeploymentPostprocessing = 0;
		};
/* End PBXFrameworksBuildPhase section */

/* Begin PBXGroup section */
		16293F46C0D699E6AE699FEC /* Frameworks */ = {
			isa = PBXGroup;
			children = (
				2E38213859FBD5F5284B21D7 /* Pods_SkinCancerApp2.framework */,
			);
			name = Frameworks;
			sourceTree = "<group>";
		};
		1E5538712242E3640041DD63 = {
			isa = PBXGroup;
			children = (
				1E55387C2242E3650041DD63 /* SkinCancerApp2 */,
				1E55387B2242E3650041DD63 /* Products */,
				BF5EB754A3E4D7021722B7ED /* Pods */,
				16293F46C0D699E6AE699FEC /* Frameworks */,
			);
			sourceTree = "<group>";
		};
		1E55387B2242E3650041DD63 /* Products */ = {
			isa = PBXGroup;
			children = (
				1E55387A2242E3650041DD63 /* SkinCancerApp2.app */,
			);
			name = Products;
			sourceTree = "<group>";
		};
		1E55387C2242E3650041DD63 /* SkinCancerApp2 */ = {
			isa = PBXGroup;
			children = (
				1E55387D2242E3650041DD63 /* AppDelegate.swift */,
				1E55387F2242E3650041DD63 /* ViewController.swift */,
				1E5538812242E3650041DD63 /* Main.storyboard */,
				1E5538842242E3670041DD63 /* Assets.xcassets */,
				1E5538862242E3670041DD63 /* LaunchScreen.storyboard */,
				1E5538892242E3670041DD63 /* Info.plist */,
			);
			path = SkinCancerApp2;
			sourceTree = "<group>";
		};
		BF5EB754A3E4D7021722B7ED /* Pods */ = {
			isa = PBXGroup;
			children = (
				DD70737639F4B57A7E9B844E /* Pods-SkinCancerApp2.debug.xcconfig */,
				B928C190422E8E5DFFCB4A67 /* Pods-SkinCancerApp2.release.xcconfig */,
			);
			name = Pods;
			path = Pods;
			sourceTree = "<group>";
		};
/* End PBXGroup section */

/* Begin PBXNativeTarget section */
		1E5538792242E3650041DD63 /* SkinCancerApp2 */ = {
			isa = PBXNativeTarget;
			buildConfigurationList = 1E55388C2242E3670041DD63 /* Build configuration list for PBXNativeTarget "SkinCancerApp2" */;
			buildPhases = (
				45172F4CB0565DB950E0CB38 /* [CP] Check Pods Manifest.lock */,
				1E5538762242E3650041DD63 /* Sources */,
				1E5538772242E3650041DD63 /* Frameworks */,
				1E5538782242E3650041DD63 /* Resources */,
				94AE3BFE283178999D7D37D7 /* [CP] Copy Pods Resources */,
			);
			buildRules = (
			);
			dependencies = (
			);
			name = SkinCancerApp2;
			productName = SkinCancerApp2;
			productReference = 1E55387A2242E3650041DD63 /* SkinCancerApp2.app */;
			productType = "com.apple.product-type.application";
		};
/* End PBXNativeTarget section */

/* Begin PBXProject section */
		1E5538722242E3640041DD63 /* Project object */ = {
			isa = PBXProject;
			attributes = {
				LastSwiftUpdateCheck = 1010;
				LastUpgradeCheck = 1010;
				ORGANIZATIONNAME = "LeeSeung Hee";
				TargetAttributes = {
					1E5538792242E3650041DD63 = {
						CreatedOnToolsVersion = 10.1;
					};
				};
			};
			buildConfigurationList = 1E5538752242E3650041DD63 /* Build configuration list for PBXProject "SkinCancerApp2" */;
			compatibilityVersion = "Xcode 9.3";
			developmentRegion = en;
			hasScannedForEncodings = 0;
			knownRegions = (
				en,
				Base,
			);
			mainGroup = 1E5538712242E3640041DD63;
			productRefGroup = 1E55387B2242E3650041DD63 /* Products */;
			projectDirPath = "";
			projectRoot = "";
			targets = (
				1E5538792242E3650041DD63 /* SkinCancerApp2 */,
			);
		};
/* End PBXProject section */

/* Begin PBXResourcesBuildPhase section */
		1E5538782242E3650041DD63 /* Resources */ = {
			isa = PBXResourcesBuildPhase;
			buildActionMask = 2147483647;
			files = (
				1E5538882242E3670041DD63 /* LaunchScreen.storyboard in Resources */,
				1E5538852242E3670041DD63 /* Assets.xcassets in Resources */,
				1E5538832242E3650041DD63 /* Main.storyboard in Resources */,
			);
			runOnlyForDeploymentPostprocessing = 0;
		};
/* End PBXResourcesBuildPhase section */

/* Begin PBXShellScriptBuildPhase section */
		45172F4CB0565DB950E0CB38 /* [CP] Check Pods Manifest.lock */ = {
			isa = PBXShellScriptBuildPhase;
			buildActionMask = 2147483647;
			files = (
			);
			inputFileListPaths = (
			);
			inputPaths = (
				"${PODS_PODFILE_DIR_PATH}/Podfile.lock",
				"${PODS_ROOT}/Manifest.lock",
			);
			name = "[CP] Check Pods Manifest.lock";
			outputFileListPaths = (
			);
			outputPaths = (
				"$(DERIVED_FILE_DIR)/Pods-SkinCancerApp2-checkManifestLockResult.txt",
			);
			runOnlyForDeploymentPostprocessing = 0;
			shellPath = /bin/sh;
			shellScript = "diff \"${PODS_PODFILE_DIR_PATH}/Podfile.lock\" \"${PODS_ROOT}/Manifest.lock\" > /dev/null\nif [ $? != 0 ] ; then\n    # print error to STDERR\n    echo \"error: The sandbox is not in sync with the Podfile.lock. Run 'pod install' or update your CocoaPods installation.\" >&2\n    exit 1\nfi\n# This output is used by Xcode 'outputs' to avoid re-running this script phase.\necho \"SUCCESS\" > \"${SCRIPT_OUTPUT_FILE_0}\"\n";
			showEnvVarsInLog = 0;
		};
		94AE3BFE283178999D7D37D7 /* [CP] Copy Pods Resources */ = {
			isa = PBXShellScriptBuildPhase;
			buildActionMask = 2147483647;
			files = (
			);
			inputFileListPaths = (
			);
			inputPaths = (
				"${PODS_ROOT}/Target Support Files/Pods-SkinCancerApp2/Pods-SkinCancerApp2-resources.sh",
				"${PODS_ROOT}/GoogleMaps/Maps/Frameworks/GoogleMaps.framework/Resources/GoogleMaps.bundle",
				"${PODS_ROOT}/GooglePlaces/Frameworks/GooglePlaces.framework/Resources/GooglePlaces.bundle",
			);
			name = "[CP] Copy Pods Resources";
			outputFileListPaths = (
			);
			outputPaths = (
				"${TARGET_BUILD_DIR}/${UNLOCALIZED_RESOURCES_FOLDER_PATH}/GoogleMaps.bundle",
				"${TARGET_BUILD_DIR}/${UNLOCALIZED_RESOURCES_FOLDER_PATH}/GooglePlaces.bundle",
			);
			runOnlyForDeploymentPostprocessing = 0;
			shellPath = /bin/sh;
			shellScript = "\"${PODS_ROOT}/Target Support Files/Pods-SkinCancerApp2/Pods-SkinCancerApp2-resources.sh\"\n";
			showEnvVarsInLog = 0;
		};
/* End PBXShellScriptBuildPhase section */

/* Begin PBXSourcesBuildPhase section */
		1E5538762242E3650041DD63 /* Sources */ = {
			isa = PBXSourcesBuildPhase;
			buildActionMask = 2147483647;
			files = (
				1E5538802242E3650041DD63 /* ViewController.swift in Sources */,
				1E55387E2242E3650041DD63 /* AppDelegate.swift in Sources */,
			);
			runOnlyForDeploymentPostprocessing = 0;
		};
/* End PBXSourcesBuildPhase section */

/* Begin PBXVariantGroup section */
		1E5538812242E3650041DD63 /* Main.storyboard */ = {
			isa = PBXVariantGroup;
			children = (
				1E5538822242E3650041DD63 /* Base */,
			);
			name = Main.storyboard;
			sourceTree = "<group>";
		};
		1E5538862242E3670041DD63 /* LaunchScreen.storyboard */ = {
			isa = PBXVariantGroup;
			children = (
				1E5538872242E3670041DD63 /* Base */,
			);
			name = LaunchScreen.storyboard;
			sourceTree = "<group>";
		};
/* End PBXVariantGroup section */

/* Begin XCBuildConfiguration section */
		1E55388A2242E3670041DD63 /* Debug */ = {
			isa = XCBuildConfiguration;
			buildSettings = {
				ALWAYS_SEARCH_USER_PATHS = NO;
				CLANG_ANALYZER_NONNULL = YES;
				CLANG_ANALYZER_NUMBER_OBJECT_CONVERSION = YES_AGGRESSIVE;
				CLANG_CXX_LANGUAGE_STANDARD = "gnu++14";
				CLANG_CXX_LIBRARY = "libc++";
				CLANG_ENABLE_MODULES = YES;
				CLANG_ENABLE_OBJC_ARC = YES;
				CLANG_ENABLE_OBJC_WEAK = YES;
				CLANG_WARN_BLOCK_CAPTURE_AUTORELEASING = YES;
				CLANG_WARN_BOOL_CONVERSION = YES;
				CLANG_WARN_COMMA = YES;
				CLANG_WARN_CONSTANT_CONVERSION = YES;
				CLANG_WARN_DEPRECATED_OBJC_IMPLEMENTATIONS = YES;
				CLANG_WARN_DIRECT_OBJC_ISA_USAGE = YES_ERROR;
				CLANG_WARN_DOCUMENTATION_COMMENTS = YES;
				CLANG_WARN_EMPTY_BODY = YES;
				CLANG_WARN_ENUM_CONVERSION = YES;
				CLANG_WARN_INFINITE_RECURSION = YES;
				CLANG_WARN_INT_CONVERSION = YES;
				CLANG_WARN_NON_LITERAL_NULL_CONVERSION = YES;
				CLANG_WARN_OBJC_IMPLICIT_RETAIN_SELF = YES;
				CLANG_WARN_OBJC_LITERAL_CONVERSION = YES;
				CLANG_WARN_OBJC_ROOT_CLASS = YES_ERROR;
				CLANG_WARN_RANGE_LOOP_ANALYSIS = YES;
				CLANG_WARN_STRICT_PROTOTYPES = YES;
				CLANG_WARN_SUSPICIOUS_MOVE = YES;
				CLANG_WARN_UNGUARDED_AVAILABILITY = YES_AGGRESSIVE;
				CLANG_WARN_UNREACHABLE_CODE = YES;
				CLANG_WARN__DUPLICATE_METHOD_MATCH = YES;
				CODE_SIGN_IDENTITY = "iPhone Developer";
				COPY_PHASE_STRIP = NO;
				DEBUG_INFORMATION_FORMAT = dwarf;
				ENABLE_STRICT_OBJC_MSGSEND = YES;
				ENABLE_TESTABILITY = YES;
				GCC_C_LANGUAGE_STANDARD = gnu11;
				GCC_DYNAMIC_NO_PIC = NO;
				GCC_NO_COMMON_BLOCKS = YES;
				GCC_OPTIMIZATION_LEVEL = 0;
				GCC_PREPROCESSOR_DEFINITIONS = (
					"DEBUG=1",
					"$(inherited)",
				);
				GCC_WARN_64_TO_32_BIT_CONVERSION = YES;
				GCC_WARN_ABOUT_RETURN_TYPE = YES_ERROR;
				GCC_WARN_UNDECLARED_SELECTOR = YES;
				GCC_WARN_UNINITIALIZED_AUTOS = YES_AGGRESSIVE;
				GCC_WARN_UNUSED_FUNCTION = YES;
				GCC_WARN_UNUSED_VARIABLE = YES;
				IPHONEOS_DEPLOYMENT_TARGET = 12.1;
				MTL_ENABLE_DEBUG_INFO = INCLUDE_SOURCE;
				MTL_FAST_MATH = YES;
				ONLY_ACTIVE_ARCH = YES;
				SDKROOT = iphoneos;
				SWIFT_ACTIVE_COMPILATION_CONDITIONS = DEBUG;
				SWIFT_OPTIMIZATION_LEVEL = "-Onone";
			};
			name = Debug;
		};
		1E55388B2242E3670041DD63 /* Release */ = {
			isa = XCBuildConfiguration;
			buildSettings = {
				ALWAYS_SEARCH_USER_PATHS = NO;
				CLANG_ANALYZER_NONNULL = YES;
				CLANG_ANALYZER_NUMBER_OBJECT_CONVERSION = YES_AGGRESSIVE;
				CLANG_CXX_LANGUAGE_STANDARD = "gnu++14";
				CLANG_CXX_LIBRARY = "libc++";
				CLANG_ENABLE_MODULES = YES;
				CLANG_ENABLE_OBJC_ARC = YES;
				CLANG_ENABLE_OBJC_WEAK = YES;
				CLANG_WARN_BLOCK_CAPTURE_AUTORELEASING = YES;
				CLANG_WARN_BOOL_CONVERSION = YES;
				CLANG_WARN_COMMA = YES;
				CLANG_WARN_CONSTANT_CONVERSION = YES;
				CLANG_WARN_DEPRECATED_OBJC_IMPLEMENTATIONS = YES;
				CLANG_WARN_DIRECT_OBJC_ISA_USAGE = YES_ERROR;
				CLANG_WARN_DOCUMENTATION_COMMENTS = YES;
				CLANG_WARN_EMPTY_BODY = YES;
				CLANG_WARN_ENUM_CONVERSION = YES;
				CLANG_WARN_INFINITE_RECURSION = YES;
				CLANG_WARN_INT_CONVERSION = YES;
				CLANG_WARN_NON_LITERAL_NULL_CONVERSION = YES;
				CLANG_WARN_OBJC_IMPLICIT_RETAIN_SELF = YES;
				CLANG_WARN_OBJC_LITERAL_CONVERSION = YES;
				CLANG_WARN_OBJC_ROOT_CLASS = YES_ERROR;
				CLANG_WARN_RANGE_LOOP_ANALYSIS = YES;
				CLANG_WARN_STRICT_PROTOTYPES = YES;
				CLANG_WARN_SUSPICIOUS_MOVE = YES;
				CLANG_WARN_UNGUARDED_AVAILABILITY = YES_AGGRESSIVE;
				CLANG_WARN_UNREACHABLE_CODE = YES;
				CLANG_WARN__DUPLICATE_METHOD_MATCH = YES;
				CODE_SIGN_IDENTITY = "iPhone Developer";
				COPY_PHASE_STRIP = NO;
				DEBUG_INFORMATION_FORMAT = "dwarf-with-dsym";
				ENABLE_NS_ASSERTIONS = NO;
				ENABLE_STRICT_OBJC_MSGSEND = YES;
				GCC_C_LANGUAGE_STANDARD = gnu11;
				GCC_NO_COMMON_BLOCKS = YES;
				GCC_WARN_64_TO_32_BIT_CONVERSION = YES;
				GCC_WARN_ABOUT_RETURN_TYPE = YES_ERROR;
				GCC_WARN_UNDECLARED_SELECTOR = YES;
				GCC_WARN_UNINITIALIZED_AUTOS = YES_AGGRESSIVE;
				GCC_WARN_UNUSED_FUNCTION = YES;
				GCC_WARN_UNUSED_VARIABLE = YES;
				IPHONEOS_DEPLOYMENT_TARGET = 12.1;
				MTL_ENABLE_DEBUG_INFO = NO;
				MTL_FAST_MATH = YES;
				SDKROOT = iphoneos;
				SWIFT_COMPILATION_MODE = wholemodule;
				SWIFT_OPTIMIZATION_LEVEL = "-O";
				VALIDATE_PRODUCT = YES;
			};
			name = Release;
		};
		1E55388D2242E3670041DD63 /* Debug */ = {
			isa = XCBuildConfiguration;
			baseConfigurationReference = DD70737639F4B57A7E9B844E /* Pods-SkinCancerApp2.debug.xcconfig */;
			buildSettings = {
				ASSETCATALOG_COMPILER_APPICON_NAME = AppIcon;
				CODE_SIGN_IDENTITY = "iPhone Developer";
				CODE_SIGN_STYLE = Automatic;
				DEVELOPMENT_TEAM = 2ZY69X2MLY;
				INFOPLIST_FILE = SkinCancerApp2/Info.plist;
				LD_RUNPATH_SEARCH_PATHS = (
					"$(inherited)",
					"@executable_path/Frameworks",
				);
				PRODUCT_BUNDLE_IDENTIFIER = Cassie.SkinCancerApp2;
				PRODUCT_NAME = "$(TARGET_NAME)";
				PROVISIONING_PROFILE_SPECIFIER = "";
				SWIFT_VERSION = 4.2;
				TARGETED_DEVICE_FAMILY = "1,2";
			};
			name = Debug;
		};
		1E55388E2242E3670041DD63 /* Release */ = {
			isa = XCBuildConfiguration;
			baseConfigurationReference = B928C190422E8E5DFFCB4A67 /* Pods-SkinCancerApp2.release.xcconfig */;
			buildSettings = {
				ASSETCATALOG_COMPILER_APPICON_NAME = AppIcon;
				CODE_SIGN_IDENTITY = "iPhone Developer";
				CODE_SIGN_STYLE = Automatic;
				DEVELOPMENT_TEAM = 2ZY69X2MLY;
				INFOPLIST_FILE = SkinCancerApp2/Info.plist;
				LD_RUNPATH_SEARCH_PATHS = (
					"$(inherited)",
					"@executable_path/Frameworks",
				);
				PRODUCT_BUNDLE_IDENTIFIER = Cassie.SkinCancerApp2;
				PRODUCT_NAME = "$(TARGET_NAME)";
				PROVISIONING_PROFILE_SPECIFIER = "";
				SWIFT_VERSION = 4.2;
				TARGETED_DEVICE_FAMILY = "1,2";
			};
			name = Release;
		};
/* End XCBuildConfiguration section */

/* Begin XCConfigurationList section */
		1E5538752242E3650041DD63 /* Build configuration list for PBXProject "SkinCancerApp2" */ = {
			isa = XCConfigurationList;
			buildConfigurations = (
				1E55388A2242E3670041DD63 /* Debug */,
				1E55388B2242E3670041DD63 /* Release */,
			);
			defaultConfigurationIsVisible = 0;
			defaultConfigurationName = Release;
		};
		1E55388C2242E3670041DD63 /* Build configuration list for PBXNativeTarget "SkinCancerApp2" */ = {
			isa = XCConfigurationList;
			buildConfigurations = (
				1E55388D2242E3670041DD63 /* Debug */,
				1E55388E2242E3670041DD63 /* Release */,
			);
			defaultConfigurationIsVisible = 0;
			defaultConfigurationName = Release;
		};
/* End XCConfigurationList section */
	};
	rootObject = 1E5538722242E3640041DD63 /* Project object */;
}
